
Microsoft Visual Studio Solution File, Format Version 12.00
# Visual Studio Version 17
VisualStudioVersion = 17.2.32630.192
MinimumVisualStudioVersion = 10.0.40219.1
Project("{9A19103F-16F7-4668-BE54-9A1E7A4F7556}") = "Raised.API", "Raised.API\Raised.API.csproj", "{B131A45C-810A-45BB-90D1-7F74338DE4D5}"
EndProject
Project("{9A19103F-16F7-4668-BE54-9A1E7A4F7556}") = "Raised.API.Contracts", "Raised.API.Contracts\Raised.API.Contracts.csproj", "{3687224D-4AF4-4BFF-9065-78AE2A38A439}"
EndProject
Project("{2150E333-8FDC-42A3-9474-1A3956D46DE8}") = "Elementos de la solución", "Elementos de la solución", "{7724936E-F517-4153-9914-43E404CDFC5F}"
	ProjectSection(SolutionItems) = preProject
		.gitignore = .gitignore
	EndProjectSection
EndProject
Global
	GlobalSection(SolutionConfigurationPlatforms) = preSolution
		Debug|Any CPU = Debug|Any CPU
		Release|Any CPU = Release|Any CPU
	EndGlobalSection
	GlobalSection(ProjectConfigurationPlatforms) = postSolution
		{B131A45C-810A-45BB-90D1-7F74338DE4D5}.Debug|Any CPU.ActiveCfg = Debug|Any CPU
		{B131A45C-810A-45BB-90D1-7F74338DE4D5}.Debug|Any CPU.Build.0 = Debug|Any CPU
		{B131A45C-810A-45BB-90D1-7F74338DE4D5}.Release|Any CPU.ActiveCfg = Release|Any CPU
		{B131A45C-810A-45BB-90D1-7F74338DE4D5}.Release|Any CPU.Build.0 = Release|Any CPU
		{3687224D-4AF4-4BFF-9065-78AE2A38A439}.Debug|Any CPU.ActiveCfg = Debug|Any CPU
		{3687224D-4AF4-4BFF-9065-78AE2A38A439}.Debug|Any CPU.Build.0 = Debug|Any CPU
		{3687224D-4AF4-4BFF-9065-78AE2A38A439}.Release|Any CPU.ActiveCfg = Release|Any CPU
		{3687224D-4AF4-4BFF-9065-78AE2A38A439}.Release|Any CPU.Build.0 = Release|Any CPU
	EndGlobalSection
	GlobalSection(SolutionProperties) = preSolution
		HideSolutionNode = FALSE
	EndGlobalSection
	GlobalSection(ExtensibilityGlobals) = postSolution
		SolutionGuid = {B5FDE190-BF9D-491A-AC86-F0D325A1EB77}
	EndGlobalSection
EndGlobal
